{
  "name": "app",
  "version": "1.0.0",
  "lockfileVersion": 1,
  "requires": true,
  "dependencies": {
    "@types/debug": {
      "version": "4.1.5",
      "resolved": "https://npm.walkmedev.com/@types%2fdebug/-/debug-4.1.5.tgz",
      "integrity": "sha512-Q1y515GcOdTHgagaVFhHnIFQ38ygs/kmxdNpvpou+raI9UO3YZcHDngBSYKQklcKlvA7iuQlmIKbzvmxcOE9CQ=="
    },
    "@types/fs-extra": {
      "version": "8.1.0",
      "resolved": "https://npm.walkmedev.com/@types%2ffs-extra/-/fs-extra-8.1.0.tgz",
      "integrity": "sha512-UoOfVEzAUpeSPmjm7h1uk5MH6KZma2z2O7a75onTGjnNvAvMVrPzPL/vBbT65iIGHWj6rokwfmYcmxmlSf2uwg==",
      "requires": {
        "@types/node": "*"
      }
    },
    "@types/lockfile": {
      "version": "1.0.1",
      "resolved": "https://npm.walkmedev.com/@types%2flockfile/-/lockfile-1.0.1.tgz",
      "integrity": "sha512-65WZedEm4AnOsBDdsapJJG42MhROu3n4aSSiu87JXF/pSdlubxZxp3S1yz3kTfkJ2KBPud4CpjoHVAptOm9Zmw=="
    },
    "@types/minipass": {
      "version": "2.2.0",
      "resolved": "https://npm.walkmedev.com/@types%2fminipass/-/minipass-2.2.0.tgz",
      "integrity": "sha512-wuzZksN4w4kyfoOv/dlpov4NOunwutLA/q7uc00xU02ZyUY+aoM5PWIXEKBMnm0NHd4a+N71BMjq+x7+2Af1fg==",
      "requires": {
        "@types/node": "*"
      }
    },
    "@types/node": {
      "version": "13.13.5",
      "resolved": "https://npm.walkmedev.com/@types%2fnode/-/node-13.13.5.tgz",
      "integrity": "sha512-3ySmiBYJPqgjiHA7oEaIo2Rzz0HrOZ7yrNO5HWyaE5q0lQ3BppDZ3N53Miz8bw2I7gh1/zir2MGVZBvpb1zq9g=="
    },
    "@types/node-fetch": {
      "version": "2.5.7",
      "resolved": "https://npm.walkmedev.com/@types%2fnode-fetch/-/node-fetch-2.5.7.tgz",
      "integrity": "sha512-o2WVNf5UhWRkxlf6eq+jMZDu7kjgpgJfl4xVNlvryc95O/6F2ld8ztKX+qu+Rjyet93WAWm5LjeX9H5FGkODvw==",
      "requires": {
        "@types/node": "*",
        "form-data": "^3.0.0"
      }
    },
    "@types/semver": {
      "version": "7.1.0",
      "resolved": "https://npm.walkmedev.com/@types%2fsemver/-/semver-7.1.0.tgz",
      "integrity": "sha512-pOKLaubrAEMUItGNpgwl0HMFPrSAFic8oSVIvfu1UwcgGNmNyK9gyhBHKmBnUTwwVvpZfkzUC0GaMgnL6P86uA==",
      "requires": {
        "@types/node": "*"
      }
    },
    "@types/tar": {
      "version": "4.0.3",
      "resolved": "https://npm.walkmedev.com/@types%2ftar/-/tar-4.0.3.tgz",
      "integrity": "sha512-Z7AVMMlkI8NTWF0qGhC4QIX0zkV/+y0J8x7b/RsHrN0310+YNjoJd8UrApCiGBCWtKjxS9QhNqLi2UJNToh5hA==",
      "requires": {
        "@types/minipass": "*",
        "@types/node": "*"
      }
    },
    "@types/url-join": {
      "version": "4.0.0",
      "resolved": "https://npm.walkmedev.com/@types%2furl-join/-/url-join-4.0.0.tgz",
      "integrity": "sha512-awrJu8yML4E/xTwr2EMatC+HBnHGoDxc2+ImA9QyeUELI1S7dOCIZcyjki1rkwoA8P2D2NVgLAJLjnclkdLtAw=="
    },
    "asynckit": {
      "version": "0.4.0",
      "resolved": "https://npm.walkmedev.com/asynckit/-/asynckit-0.4.0.tgz",
      "integrity": "sha1-x57Zf380y48robyXkLzDZkdLS3k="
    },
    "at-least-node": {
      "version": "1.0.0",
      "resolved": "https://npm.walkmedev.com/at-least-node/-/at-least-node-1.0.0.tgz",
      "integrity": "sha512-+q/t7Ekv1EDY2l6Gda6LLiX14rU9TV20Wa3ofeQmwPFZbOMo9DXrLbOjFaaclkXKWidIaopwAObQDqwWtGUjqg=="
    },
    "chownr": {
      "version": "2.0.0",
      "resolved": "https://npm.walkmedev.com/chownr/-/chownr-2.0.0.tgz",
      "integrity": "sha512-bIomtDF5KGpdogkLd9VspvFzk9KfpyyGlS8YFVZl7TGPBHL5snIOnxeshwVgPteQ9b4Eydl+pVbIyE1DcvCWgQ=="
    },
    "combined-stream": {
      "version": "1.0.8",
      "resolved": "https://npm.walkmedev.com/combined-stream/-/combined-stream-1.0.8.tgz",
      "integrity": "sha512-FQN4MRfuJeHf7cBbBMJFXhKSDq+2kAArBlmRBvcvFE5BB1HZKXtSFASDhdlz9zOYwxh8lDdnvmMOe/+5cdoEdg==",
      "requires": {
        "delayed-stream": "~1.0.0"
      }
    },
    "debug": {
      "version": "4.1.1",
      "resolved": "https://npm.walkmedev.com/debug/-/debug-4.1.1.tgz",
      "integrity": "sha512-pYAIzeRo8J6KPEaJ0VWOh5Pzkbw/RetuzehGM7QRRX5he4fPHx2rdKMB256ehJCkX+XRQm16eZLqLNS8RSZXZw==",
      "requires": {
        "ms": "^2.1.1"
      }
    },
    "delayed-stream": {
      "version": "1.0.0",
      "resolved": "https://npm.walkmedev.com/delayed-stream/-/delayed-stream-1.0.0.tgz",
      "integrity": "sha1-3zrhmayt+31ECqrgsp4icrJOxhk="
    },
    "form-data": {
      "version": "3.0.0",
      "resolved": "https://npm.walkmedev.com/form-data/-/form-data-3.0.0.tgz",
      "integrity": "sha512-CKMFDglpbMi6PyN+brwB9Q/GOw0eAnsrEZDgcsH5Krhz5Od/haKHAX0NmQfha2zPPz0JpWzA7GJHGSnvCRLWsg==",
      "requires": {
        "asynckit": "^0.4.0",
        "combined-stream": "^1.0.8",
        "mime-types": "^2.1.12"
      }
    },
    "fs-extra": {
      "version": "9.0.0",
      "resolved": "https://npm.walkmedev.com/fs-extra/-/fs-extra-9.0.0.tgz",
      "integrity": "sha512-pmEYSk3vYsG/bF651KPUXZ+hvjpgWYw/Gc7W9NFUe3ZVLczKKWIij3IKpOrQcdw4TILtibFslZ0UmR8Vvzig4g==",
      "requires": {
        "at-least-node": "^1.0.0",
        "graceful-fs": "^4.2.0",
        "jsonfile": "^6.0.1",
        "universalify": "^1.0.0"
      }
    },
    "fs-minipass": {
      "version": "2.1.0",
      "resolved": "https://npm.walkmedev.com/fs-minipass/-/fs-minipass-2.1.0.tgz",
      "integrity": "sha512-V/JgOLFCS+R6Vcq0slCuaeWEdNC3ouDlJMNIsacH2VtALiu9mV4LPrHc5cDl8k5aw6J8jwgWWpiTo5RYhmIzvg==",
      "requires": {
        "minipass": "^3.0.0"
      }
    },
    "graceful-fs": {
      "version": "4.2.4",
      "resolved": "https://npm.walkmedev.com/graceful-fs/-/graceful-fs-4.2.4.tgz",
      "integrity": "sha512-WjKPNJF79dtJAVniUlGGWHYGz2jWxT6VhN/4m1NdkbZ2nOsEF+cI1Edgql5zCRhs/VsQYRvrXctxktVXZUkixw=="
    },
    "jsonfile": {
      "version": "6.0.1",
      "resolved": "https://npm.walkmedev.com/jsonfile/-/jsonfile-6.0.1.tgz",
      "integrity": "sha512-jR2b5v7d2vIOust+w3wtFKZIfpC2pnRmFAhAC/BuweZFQR8qZzxH1OyrQ10HmdVYiXWkYUqPVsz91cG7EL2FBg==",
      "requires": {
        "graceful-fs": "^4.1.6",
        "universalify": "^1.0.0"
      }
    },
    "live-plugin-manager": {
      "version": "0.14.1",
      "resolved": "https://npm.walkmedev.com/live-plugin-manager/-/live-plugin-manager-0.14.1.tgz",
      "integrity": "sha512-bRFh5xn1PEYrwxoOhQ4k8gsh8eh4cRMbXmV/YefV4Xs2E6wuXLF+e51gsXjyim7DquEWsiFuoKK+RSQ387PuHA==",
      "requires": {
        "@types/debug": "^4.1.5",
        "@types/fs-extra": "^8.1.0",
        "@types/lockfile": "^1.0.1",
        "@types/node-fetch": "^2.5.6",
        "@types/semver": "^7.1.0",
        "@types/tar": "^4.0.3",
        "@types/url-join": "4.0.0",
        "debug": "^4.1.1",
        "fs-extra": "^9.0.0",
        "lockfile": "^1.0.4",
        "node-fetch": "^2.6.0",
        "semver": "^7.3.2",
        "tar": "^6.0.1",
        "url-join": "^4.0.1"
      }
    },
    "lockfile": {
      "version": "1.0.4",
      "resolved": "https://npm.walkmedev.com/lockfile/-/lockfile-1.0.4.tgz",
      "integrity": "sha512-cvbTwETRfsFh4nHsL1eGWapU1XFi5Ot9E85sWAwia7Y7EgB7vfqcZhTKZ+l7hCGxSPoushMv5GKhT5PdLv03WA==",
      "requires": {
        "signal-exit": "^3.0.2"
      }
    },
    "mime-db": {
      "version": "1.44.0",
      "resolved": "https://npm.walkmedev.com/mime-db/-/mime-db-1.44.0.tgz",
      "integrity": "sha512-/NOTfLrsPBVeH7YtFPgsVWveuL+4SjjYxaQ1xtM1KMFj7HdxlBlxeyNLzhyJVx7r4rZGJAZ/6lkKCitSc/Nmpg=="
    },
    "mime-types": {
      "version": "2.1.27",
      "resolved": "https://npm.walkmedev.com/mime-types/-/mime-types-2.1.27.tgz",
      "integrity": "sha512-JIhqnCasI9yD+SsmkquHBxTSEuZdQX5BuQnS2Vc7puQQQ+8yiP5AY5uWhpdv4YL4VM5c6iliiYWPgJ/nJQLp7w==",
      "requires": {
        "mime-db": "1.44.0"
      }
    },
    "minipass": {
      "version": "3.1.1",
      "resolved": "https://npm.walkmedev.com/minipass/-/minipass-3.1.1.tgz",
      "integrity": "sha512-UFqVihv6PQgwj8/yTGvl9kPz7xIAY+R5z6XYjRInD3Gk3qx6QGSD6zEcpeG4Dy/lQnv1J6zv8ejV90hyYIKf3w==",
      "requires": {
        "yallist": "^4.0.0"
      }
    },
    "minizlib": {
      "version": "2.1.0",
      "resolved": "https://npm.walkmedev.com/minizlib/-/minizlib-2.1.0.tgz",
      "integrity": "sha512-EzTZN/fjSvifSX0SlqUERCN39o6T40AMarPbv0MrarSFtIITCBh7bi+dU8nxGFHuqs9jdIAeoYoKuQAAASsPPA==",
      "requires": {
        "minipass": "^3.0.0",
        "yallist": "^4.0.0"
      }
    },
    "mkdirp": {
      "version": "1.0.4",
      "resolved": "https://npm.walkmedev.com/mkdirp/-/mkdirp-1.0.4.tgz",
      "integrity": "sha512-vVqVZQyf3WLx2Shd0qJ9xuvqgAyKPLAiqITEtqW0oIUjzo3PePDd6fW9iFz30ef7Ysp/oiWqbhszeGWW2T6Gzw=="
    },
    "ms": {
      "version": "2.1.2",
      "resolved": "https://npm.walkmedev.com/ms/-/ms-2.1.2.tgz",
      "integrity": "sha512-sGkPx+VjMtmA6MX27oA4FBFELFCZZ4S4XqeGOXCv68tT+jb3vk/RyaKWP0PTKyWtmLSM0b+adUTEvbs1PEaH2w=="
    },
    "node-fetch": {
      "version": "2.6.1",
      "resolved": "https://registry.npmjs.org/node-fetch/-/node-fetch-2.6.1.tgz",
      "integrity": "sha512-V4aYg89jEoVRxRb2fJdAg8FHvI7cEyYdVAh94HH0UIK8oJxUfkjlDQN9RbMx+bEjP7+ggMiFRprSti032Oipxw=="
    },
    "semver": {
      "version": "7.3.2",
      "resolved": "https://npm.walkmedev.com/semver/-/semver-7.3.2.tgz",
      "integrity": "sha512-OrOb32TeeambH6UrhtShmF7CRDqhL6/5XpPNp2DuRH6+9QLw/orhp72j87v8Qa1ScDkvrrBNpZcDejAirJmfXQ=="
    },
    "signal-exit": {
      "version": "3.0.3",
      "resolved": "https://npm.walkmedev.com/signal-exit/-/signal-exit-3.0.3.tgz",
      "integrity": "sha512-VUJ49FC8U1OxwZLxIbTTrDvLnf/6TDgxZcK8wxR8zs13xpx7xbG60ndBlhNrFi2EMuFRoeDoJO7wthSLq42EjA=="
    },
    "tar": {
      "version": "6.0.2",
      "resolved": "https://npm.walkmedev.com/tar/-/tar-6.0.2.tgz",
      "integrity": "sha512-Glo3jkRtPcvpDlAs/0+hozav78yoXKFr+c4wgw62NNMO3oo4AaJdCo21Uu7lcwr55h39W2XD1LMERc64wtbItg==",
      "requires": {
        "chownr": "^2.0.0",
        "fs-minipass": "^2.0.0",
        "minipass": "^3.0.0",
        "minizlib": "^2.1.0",
        "mkdirp": "^1.0.3",
        "yallist": "^4.0.0"
      }
    },
    "universalify": {
      "version": "1.0.0",
      "resolved": "https://npm.walkmedev.com/universalify/-/universalify-1.0.0.tgz",
      "integrity": "sha512-rb6X1W158d7pRQBg5gkR8uPaSfiids68LTJQYOtEUhoJUWBdaQHsuT/EUduxXYxcrt4r5PJ4fuHW1MHT6p0qug=="
    },
    "url-join": {
      "version": "4.0.1",
      "resolved": "https://npm.walkmedev.com/url-join/-/url-join-4.0.1.tgz",
      "integrity": "sha512-jk1+QP6ZJqyOiuEI9AEWQfju/nB2Pw466kbA0LEZljHwKeMgd9WrAEgEGxjPDD2+TNbbb37rTyhEfrCXfuKXnA=="
    },
    "yallist": {
      "version": "4.0.0",
      "resolved": "https://npm.walkmedev.com/yallist/-/yallist-4.0.0.tgz",
      "integrity": "sha512-3wdGidZyq5PB084XLES5TpOSRA3wjXAlIWMhum2kRcv/41Sn2emQ0dycQW4uZXLejwKvg6EsvbdlVL+FYEct7A=="
    }
  }
}
